
Microsoft Visual Studio Solution File, Format Version 12.00
# Visual Studio Version 17
VisualStudioVersion = 17.14.36705.20 d17.14
MinimumVisualStudioVersion = 10.0.40219.1
Project("{FAE04EC0-301F-11D3-BF4B-00C04F79EFBC}") = "WorkflowTest", "WorkflowTest\WorkflowTest.csproj", "{C33BA64E-9252-4E60-AA77-D8677B4ECE18}"
EndProject
Global
	GlobalSection(SolutionConfigurationPlatforms) = preSolution
		Debug|Any CPU = Debug|Any CPU
		Release|Any CPU = Release|Any CPU
	EndGlobalSection
	GlobalSection(ProjectConfigurationPlatforms) = postSolution
		{C33BA64E-9252-4E60-AA77-D8677B4ECE18}.Debug|Any CPU.ActiveCfg = Debug|Any CPU
		{C33BA64E-9252-4E60-AA77-D8677B4ECE18}.Debug|Any CPU.Build.0 = Debug|Any CPU
		{C33BA64E-9252-4E60-AA77-D8677B4ECE18}.Release|Any CPU.ActiveCfg = Release|Any CPU
		{C33BA64E-9252-4E60-AA77-D8677B4ECE18}.Release|Any CPU.Build.0 = Release|Any CPU
	EndGlobalSection
	GlobalSection(SolutionProperties) = preSolution
		HideSolutionNode = FALSE
	EndGlobalSection
	GlobalSection(ExtensibilityGlobals) = postSolution
		SolutionGuid = {F53C5BC4-9D93-4FA3-ACB2-62EA723B5A44}
	EndGlobalSection
EndGlobal
